// !$*UTF8*$!
{
	archiveVersion = 1;
	classes = {
	};
	objectVersion = 46;
	objects = {

/* Begin PBXBuildFile section */
		6B6E67C51D942FB90013B8C9 /* main.m in Sources */ = {isa = PBXBuildFile; fileRef = 6B6E67C41D942FB90013B8C9 /* main.m */; };
		6B6E67C81D942FB90013B8C9 /* AppDelegate.m in Sources */ = {isa = PBXBuildFile; fileRef = 6B6E67C71D942FB90013B8C9 /* AppDelegate.m */; };
		6B6E67CB1D942FB90013B8C9 /* ViewController.m in Sources */ = {isa = PBXBuildFile; fileRef = 6B6E67CA1D942FB90013B8C9 /* ViewController.m */; };
		6B6E67CE1D942FB90013B8C9 /* Main.storyboard in Resources */ = {isa = PBXBuildFile; fileRef = 6B6E67CC1D942FB90013B8C9 /* Main.storyboard */; };
		6B6E67D01D942FB90013B8C9 /* Assets.xcassets in Resources */ = {isa = PBXBuildFile; fileRef = 6B6E67CF1D942FB90013B8C9 /* Assets.xcassets */; };
		6B6E67D31D942FB90013B8C9 /* LaunchScreen.storyboard in Resources */ = {isa = PBXBuildFile; fileRef = 6B6E67D11D942FB90013B8C9 /* LaunchScreen.storyboard */; };
		6B6E67DE1D942FB90013B8C9 /* Lab03Tests.m in Sources */ = {isa = PBXBuildFile; fileRef = 6B6E67DD1D942FB90013B8C9 /* Lab03Tests.m */; };
		6B6E67E91D942FB90013B8C9 /* Lab03UITests.m in Sources */ = {isa = PBXBuildFile; fileRef = 6B6E67E81D942FB90013B8C9 /* Lab03UITests.m */; };
		6B6E67F71D9436B50013B8C9 /* iPadStoryboard.storyboard in Resources */ = {isa = PBXBuildFile; fileRef = 6B6E67F61D9436B50013B8C9 /* iPadStoryboard.storyboard */; };
/* End PBXBuildFile section */

/* Begin PBXContainerItemProxy section */
		6B6E67DA1D942FB90013B8C9 /* PBXContainerItemProxy */ = {
			isa = PBXContainerItemProxy;
			containerPortal = 6B6E67B81D942FB90013B8C9 /* Project object */;
			proxyType = 1;
			remoteGlobalIDString = 6B6E67BF1D942FB90013B8C9;
			remoteInfo = Lab03;
		};
		6B6E67E51D942FB90013B8C9 /* PBXContainerItemProxy */ = {
			isa = PBXContainerItemProxy;
			containerPortal = 6B6E67B81D942FB90013B8C9 /* Project object */;
			proxyType = 1;
			remoteGlobalIDString = 6B6E67BF1D942FB90013B8C9;
			remoteInfo = Lab03;
		};
/* End PBXContainerItemProxy section */

/* Begin PBXFileReference section */
		6B6E67C01D942FB90013B8C9 /* Lab03.app */ = {isa = PBXFileReference; explicitFileType = wrapper.application; includeInIndex = 0; path = Lab03.app; sourceTree = BUILT_PRODUCTS_DIR; };
		6B6E67C41D942FB90013B8C9 /* main.m */ = {isa = PBXFileReference; lastKnownFileType = sourcecode.c.objc; path = main.m; sourceTree = "<group>"; };
		6B6E67C61D942FB90013B8C9 /* AppDelegate.h */ = {isa = PBXFileReference; lastKnownFileType = sourcecode.c.h; path = AppDelegate.h; sourceTree = "<group>"; };
		6B6E67C71D942FB90013B8C9 /* AppDelegate.m */ = {isa = PBXFileReference; lastKnownFileType = sourcecode.c.objc; path = AppDelegate.m; sourceTree = "<group>"; };
		6B6E67C91D942FB90013B8C9 /* ViewController.h */ = {isa = PBXFileReference; lastKnownFileType = sourcecode.c.h; path = ViewController.h; sourceTree = "<group>"; };
		6B6E67CA1D942FB90013B8C9 /* ViewController.m */ = {isa = PBXFileReference; lastKnownFileType = sourcecode.c.objc; path = ViewController.m; sourceTree = "<group>"; };
		6B6E67CD1D942FB90013B8C9 /* Base */ = {isa = PBXFileReference; lastKnownFileType = file.storyboard; name = Base; path = Base.lproj/Main.storyboard; sourceTree = "<group>"; };
		6B6E67CF1D942FB90013B8C9 /* Assets.xcassets */ = {isa = PBXFileReference; lastKnownFileType = folder.assetcatalog; path = Assets.xcassets; sourceTree = "<group>"; };
		6B6E67D21D942FB90013B8C9 /* Base */ = {isa = PBXFileReference; lastKnownFileType = file.storyboard; name = Base; path = Base.lproj/LaunchScreen.storyboard; sourceTree = "<group>"; };
		6B6E67D41D942FB90013B8C9 /* Info.plist */ = {isa = PBXFileReference; lastKnownFileType = text.plist.xml; path = Info.plist; sourceTree = "<group>"; };
		6B6E67D91D942FB90013B8C9 /* Lab03Tests.xctest */ = {isa = PBXFileReference; explicitFileType = wrapper.cfbundle; includeInIndex = 0; path = Lab03Tests.xctest; sourceTree = BUILT_PRODUCTS_DIR; };
		6B6E67DD1D942FB90013B8C9 /* Lab03Tests.m */ = {isa = PBXFileReference; lastKnownFileType = sourcecode.c.objc; path = Lab03Tests.m; sourceTree = "<group>"; };
		6B6E67DF1D942FB90013B8C9 /* Info.plist */ = {isa = PBXFileReference; lastKnownFileType = text.plist.xml; path = Info.plist; sourceTree = "<group>"; };
		6B6E67E41D942FB90013B8C9 /* Lab03UITests.xctest */ = {isa = PBXFileReference; explicitFileType = wrapper.cfbundle; includeInIndex = 0; path = Lab03UITests.xctest; sourceTree = BUILT_PRODUCTS_DIR; };
		6B6E67E81D942FB90013B8C9 /* Lab03UITests.m */ = {isa = PBXFileReference; lastKnownFileType = sourcecode.c.objc; path = Lab03UITests.m; sourceTree = "<group>"; };
		6B6E67EA1D942FB90013B8C9 /* Info.plist */ = {isa = PBXFileReference; lastKnownFileType = text.plist.xml; path = Info.plist; sourceTree = "<group>"; };
		6B6E67F61D9436B50013B8C9 /* iPadStoryboard.storyboard */ = {isa = PBXFileReference; fileEncoding = 4; lastKnownFileType = file.storyboard; name = iPadStoryboard.storyboard; path = ../iPadStoryboard.storyboard; sourceTree = "<group>"; };
/* End PBXFileReference section */

/* Begin PBXFrameworksBuildPhase section */
		6B6E67BD1D942FB90013B8C9 /* Frameworks */ = {
			isa = PBXFrameworksBuildPhase;
			buildActionMask = 2147483647;
			files = (
			);
			runOnlyForDeploymentPostprocessing = 0;
		};
		6B6E67D61D942FB90013B8C9 /* Frameworks */ = {
			isa = PBXFrameworksBuildPhase;
			buildActionMask = 2147483647;
			files = (
			);
			runOnlyForDeploymentPostprocessing = 0;
		};
		6B6E67E11D942FB90013B8C9 /* Frameworks */ = {
			isa = PBXFrameworksBuildPhase;
			buildActionMask = 2147483647;
			files = (
			);
			runOnlyForDeploymentPostprocessing = 0;
		};
/* End PBXFrameworksBuildPhase section */

/* Begin PBXGroup section */
		6B6E67B71D942FB90013B8C9 = {
			isa = PBXGroup;
			children = (
				6B6E67C21D942FB90013B8C9 /* Lab03 */,
				6B6E67DC1D942FB90013B8C9 /* Lab03Tests */,
				6B6E67E71D942FB90013B8C9 /* Lab03UITests */,
				6B6E67C11D942FB90013B8C9 /* Products */,
			);
			sourceTree = "<group>";
		};
		6B6E67C11D942FB90013B8C9 /* Products */ = {
			isa = PBXGroup;
			children = (
				6B6E67C01D942FB90013B8C9 /* Lab03.app */,
				6B6E67D91D942FB90013B8C9 /* Lab03Tests.xctest */,
				6B6E67E41D942FB90013B8C9 /* Lab03UITests.xctest */,
			);
			name = Products;
			sourceTree = "<group>";
		};
		6B6E67C21D942FB90013B8C9 /* Lab03 */ = {
			isa = PBXGroup;
			children = (
				6B6E67F61D9436B50013B8C9 /* iPadStoryboard.storyboard */,
				6B6E67C61D942FB90013B8C9 /* AppDelegate.h */,
				6B6E67C71D942FB90013B8C9 /* AppDelegate.m */,
				6B6E67C91D942FB90013B8C9 /* ViewController.h */,
				6B6E67CA1D942FB90013B8C9 /* ViewController.m */,
				6B6E67CC1D942FB90013B8C9 /* Main.storyboard */,
				6B6E67CF1D942FB90013B8C9 /* Assets.xcassets */,
				6B6E67D11D942FB90013B8C9 /* LaunchScreen.storyboard */,
				6B6E67D41D942FB90013B8C9 /* Info.plist */,
				6B6E67C31D942FB90013B8C9 /* Supporting Files */,
			);
			path = Lab03;
			sourceTree = "<group>";
		};
		6B6E67C31D942FB90013B8C9 /* Supporting Files */ = {
			isa = PBXGroup;
			children = (
				6B6E67C41D942FB90013B8C9 /* main.m */,
			);
			name = "Supporting Files";
			sourceTree = "<group>";
		};
		6B6E67DC1D942FB90013B8C9 /* Lab03Tests */ = {
			isa = PBXGroup;
			children = (
				6B6E67DD1D942FB90013B8C9 /* Lab03Tests.m */,
				6B6E67DF1D942FB90013B8C9 /* Info.plist */,
			);
			path = Lab03Tests;
			sourceTree = "<group>";
		};
		6B6E67E71D942FB90013B8C9 /* Lab03UITests */ = {
			isa = PBXGroup;
			children = (
				6B6E67E81D942FB90013B8C9 /* Lab03UITests.m */,
				6B6E67EA1D942FB90013B8C9 /* Info.plist */,
			);
			path = Lab03UITests;
			sourceTree = "<group>";
		};
/* End PBXGroup section */

/* Begin PBXNativeTarget section */
		6B6E67BF1D942FB90013B8C9 /* Lab03 */ = {
			isa = PBXNativeTarget;
			buildConfigurationList = 6B6E67ED1D942FB90013B8C9 /* Build configuration list for PBXNativeTarget "Lab03" */;
			buildPhases = (
				6B6E67BC1D942FB90013B8C9 /* Sources */,
				6B6E67BD1D942FB90013B8C9 /* Frameworks */,
				6B6E67BE1D942FB90013B8C9 /* Resources */,
			);
			buildRules = (
			);
			dependencies = (
			);
			name = Lab03;
			productName = Lab03;
			productReference = 6B6E67C01D942FB90013B8C9 /* Lab03.app */;
			productType = "com.apple.product-type.application";
		};
		6B6E67D81D942FB90013B8C9 /* Lab03Tests */ = {
			isa = PBXNativeTarget;
			buildConfigurationList = 6B6E67F01D942FB90013B8C9 /* Build configuration list for PBXNativeTarget "Lab03Tests" */;
			buildPhases = (
				6B6E67D51D942FB90013B8C9 /* Sources */,
				6B6E67D61D942FB90013B8C9 /* Frameworks */,
				6B6E67D71D942FB90013B8C9 /* Resources */,
			);
			buildRules = (
			);
			dependencies = (
				6B6E67DB1D942FB90013B8C9 /* PBXTargetDependency */,
			);
			name = Lab03Tests;
			productName = Lab03Tests;
			productReference = 6B6E67D91D942FB90013B8C9 /* Lab03Tests.xctest */;
			productType = "com.apple.product-type.bundle.unit-test";
		};
		6B6E67E31D942FB90013B8C9 /* Lab03UITests */ = {
			isa = PBXNativeTarget;
			buildConfigurationList = 6B6E67F31D942FB90013B8C9 /* Build configuration list for PBXNativeTarget "Lab03UITests" */;
			buildPhases = (
				6B6E67E01D942FB90013B8C9 /* Sources */,
				6B6E67E11D942FB90013B8C9 /* Frameworks */,
				6B6E67E21D942FB90013B8C9 /* Resources */,
			);
			buildRules = (
			);
			dependencies = (
				6B6E67E61D942FB90013B8C9 /* PBXTargetDependency */,
			);
			name = Lab03UITests;
			productName = Lab03UITests;
			productReference = 6B6E67E41D942FB90013B8C9 /* Lab03UITests.xctest */;
			productType = "com.apple.product-type.bundle.ui-testing";
		};
/* End PBXNativeTarget section */

/* Begin PBXProject section */
		6B6E67B81D942FB90013B8C9 /* Project object */ = {
			isa = PBXProject;
			attributes = {
				LastUpgradeCheck = 0730;
				ORGANIZATIONNAME = "Rui Geng";
				TargetAttributes = {
					6B6E67BF1D942FB90013B8C9 = {
						CreatedOnToolsVersion = 7.3.1;
					};
					6B6E67D81D942FB90013B8C9 = {
						CreatedOnToolsVersion = 7.3.1;
						TestTargetID = 6B6E67BF1D942FB90013B8C9;
					};
					6B6E67E31D942FB90013B8C9 = {
						CreatedOnToolsVersion = 7.3.1;
						TestTargetID = 6B6E67BF1D942FB90013B8C9;
					};
				};
			};
			buildConfigurationList = 6B6E67BB1D942FB90013B8C9 /* Build configuration list for PBXProject "Lab03" */;
			compatibilityVersion = "Xcode 3.2";
			developmentRegion = English;
			hasScannedForEncodings = 0;
			knownRegions = (
				en,
				Base,
			);
			mainGroup = 6B6E67B71D942FB90013B8C9;
			productRefGroup = 6B6E67C11D942FB90013B8C9 /* Products */;
			projectDirPath = "";
			projectRoot = "";
			targets = (
				6B6E67BF1D942FB90013B8C9 /* Lab03 */,
				6B6E67D81D942FB90013B8C9 /* Lab03Tests */,
				6B6E67E31D942FB90013B8C9 /* Lab03UITests */,
			);
		};
/* End PBXProject section */

/* Begin PBXResourcesBuildPhase section */
		6B6E67BE1D942FB90013B8C9 /* Resources */ = {
			isa = PBXResourcesBuildPhase;
			buildActionMask = 2147483647;
			files = (
				6B6E67D31D942FB90013B8C9 /* LaunchScreen.storyboard in Resources */,
				6B6E67F71D9436B50013B8C9 /* iPadStoryboard.storyboard in Resources */,
				6B6E67D01D942FB90013B8C9 /* Assets.xcassets in Resources */,
				6B6E67CE1D942FB90013B8C9 /* Main.storyboard in Resources */,
			);
			runOnlyForDeploymentPostprocessing = 0;
		};
		6B6E67D71D942FB90013B8C9 /* Resources */ = {
			isa = PBXResourcesBuildPhase;
			buildActionMask = 2147483647;
			files = (
			);
			runOnlyForDeploymentPostprocessing = 0;
		};
		6B6E67E21D942FB90013B8C9 /* Resources */ = {
			isa = PBXResourcesBuildPhase;
			buildActionMask = 2147483647;
			files = (
			);
			runOnlyForDeploymentPostprocessing = 0;
		};
/* End PBXResourcesBuildPhase section */

/* Begin PBXSourcesBuildPhase section */
		6B6E67BC1D942FB90013B8C9 /* Sources */ = {
			isa = PBXSourcesBuildPhase;
			buildActionMask = 2147483647;
			files = (
				6B6E67CB1D942FB90013B8C9 /* ViewController.m in Sources */,
				6B6E67C81D942FB90013B8C9 /* AppDelegate.m in Sources */,
				6B6E67C51D942FB90013B8C9 /* main.m in Sources */,
			);
			runOnlyForDeploymentPostprocessing = 0;
		};
		6B6E67D51D942FB90013B8C9 /* Sources */ = {
			isa = PBXSourcesBuildPhase;
			buildActionMask = 2147483647;
			files = (
				6B6E67DE1D942FB90013B8C9 /* Lab03Tests.m in Sources */,
			);
			runOnlyForDeploymentPostprocessing = 0;
		};
		6B6E67E01D942FB90013B8C9 /* Sources */ = {
			isa = PBXSourcesBuildPhase;
			buildActionMask = 2147483647;
			files = (
				6B6E67E91D942FB90013B8C9 /* Lab03UITests.m in Sources */,
			);
			runOnlyForDeploymentPostprocessing = 0;
		};
/* End PBXSourcesBuildPhase section */

/* Begin PBXTargetDependency section */
		6B6E67DB1D942FB90013B8C9 /* PBXTargetDependency */ = {
			isa = PBXTargetDependency;
			target = 6B6E67BF1D942FB90013B8C9 /* Lab03 */;
			targetProxy = 6B6E67DA1D942FB90013B8C9 /* PBXContainerItemProxy */;
		};
		6B6E67E61D942FB90013B8C9 /* PBXTargetDependency */ = {
			isa = PBXTargetDependency;
			target = 6B6E67BF1D942FB90013B8C9 /* Lab03 */;
			targetProxy = 6B6E67E51D942FB90013B8C9 /* PBXContainerItemProxy */;
		};
/* End PBXTargetDependency section */

/* Begin PBXVariantGroup section */
		6B6E67CC1D942FB90013B8C9 /* Main.storyboard */ = {
			isa = PBXVariantGroup;
			children = (
				6B6E67CD1D942FB90013B8C9 /* Base */,
			);
			name = Main.storyboard;
			sourceTree = "<group>";
		};
		6B6E67D11D942FB90013B8C9 /* LaunchScreen.storyboard */ = {
			isa = PBXVariantGroup;
			children = (
				6B6E67D21D942FB90013B8C9 /* Base */,
			);
			name = LaunchScreen.storyboard;
			sourceTree = "<group>";
		};
/* End PBXVariantGroup section */

/* Begin XCBuildConfiguration section */
		6B6E67EB1D942FB90013B8C9 /* Debug */ = {
			isa = XCBuildConfiguration;
			buildSettings = {
				ALWAYS_SEARCH_USER_PATHS = NO;
				CLANG_ANALYZER_NONNULL = YES;
				CLANG_CXX_LANGUAGE_STANDARD = "gnu++0x";
				CLANG_CXX_LIBRARY = "libc++";
				CLANG_ENABLE_MODULES = YES;
				CLANG_ENABLE_OBJC_ARC = YES;
				CLANG_WARN_BOOL_CONVERSION = YES;
				CLANG_WARN_CONSTANT_CONVERSION = YES;
				CLANG_WARN_DIRECT_OBJC_ISA_USAGE = YES_ERROR;
				CLANG_WARN_EMPTY_BODY = YES;
				CLANG_WARN_ENUM_CONVERSION = YES;
				CLANG_WARN_INT_CONVERSION = YES;
				CLANG_WARN_OBJC_ROOT_CLASS = YES_ERROR;
				CLANG_WARN_UNREACHABLE_CODE = YES;
				CLANG_WARN__DUPLICATE_METHOD_MATCH = YES;
				"CODE_SIGN_IDENTITY[sdk=iphoneos*]" = "iPhone Developer";
				COPY_PHASE_STRIP = NO;
				DEBUG_INFORMATION_FORMAT = dwarf;
				ENABLE_STRICT_OBJC_MSGSEND = YES;
				ENABLE_TESTABILITY = YES;
				GCC_C_LANGUAGE_STANDARD = gnu99;
				GCC_DYNAMIC_NO_PIC = NO;
				GCC_NO_COMMON_BLOCKS = YES;
				GCC_OPTIMIZATION_LEVEL = 0;
				GCC_PREPROCESSOR_DEFINITIONS = (
					"DEBUG=1",
					"$(inherited)",
				);
				GCC_WARN_64_TO_32_BIT_CONVERSION = YES;
				GCC_WARN_ABOUT_RETURN_TYPE = YES_ERROR;
				GCC_WARN_UNDECLARED_SELECTOR = YES;
				GCC_WARN_UNINITIALIZED_AUTOS = YES_AGGRESSIVE;
				GCC_WARN_UNUSED_FUNCTION = YES;
				GCC_WARN_UNUSED_VARIABLE = YES;
				IPHONEOS_DEPLOYMENT_TARGET = 9.3;
				MTL_ENABLE_DEBUG_INFO = YES;
				ONLY_ACTIVE_ARCH = YES;
				SDKROOT = iphoneos;
				TARGETED_DEVICE_FAMILY = "1,2";
			};
			name = Debug;
		};
		6B6E67EC1D942FB90013B8C9 /* Release */ = {
			isa = XCBuildConfiguration;
			buildSettings = {
				ALWAYS_SEARCH_USER_PATHS = NO;
				CLANG_ANALYZER_NONNULL = YES;
				CLANG_CXX_LANGUAGE_STANDARD = "gnu++0x";
				CLANG_CXX_LIBRARY = "libc++";
				CLANG_ENABLE_MODULES = YES;
				CLANG_ENABLE_OBJC_ARC = YES;
				CLANG_WARN_BOOL_CONVERSION = YES;
				CLANG_WARN_CONSTANT_CONVERSION = YES;
				CLANG_WARN_DIRECT_OBJC_ISA_USAGE = YES_ERROR;
				CLANG_WARN_EMPTY_BODY = YES;
				CLANG_WARN_ENUM_CONVERSION = YES;
				CLANG_WARN_INT_CONVERSION = YES;
				CLANG_WARN_OBJC_ROOT_CLASS = YES_ERROR;
				CLANG_WARN_UNREACHABLE_CODE = YES;
				CLANG_WARN__DUPLICATE_METHOD_MATCH = YES;
				"CODE_SIGN_IDENTITY[sdk=iphoneos*]" = "iPhone Developer";
				COPY_PHASE_STRIP = NO;
				DEBUG_INFORMATION_FORMAT = "dwarf-with-dsym";
				ENABLE_NS_ASSERTIONS = NO;
				ENABLE_STRICT_OBJC_MSGSEND = YES;
				GCC_C_LANGUAGE_STANDARD = gnu99;
				GCC_NO_COMMON_BLOCKS = YES;
				GCC_WARN_64_TO_32_BIT_CONVERSION = YES;
				GCC_WARN_ABOUT_RETURN_TYPE = YES_ERROR;
				GCC_WARN_UNDECLARED_SELECTOR = YES;
				GCC_WARN_UNINITIALIZED_AUTOS = YES_AGGRESSIVE;
				GCC_WARN_UNUSED_FUNCTION = YES;
				GCC_WARN_UNUSED_VARIABLE = YES;
				IPHONEOS_DEPLOYMENT_TARGET = 9.3;
				MTL_ENABLE_DEBUG_INFO = NO;
				SDKROOT = iphoneos;
				TARGETED_DEVICE_FAMILY = "1,2";
				VALIDATE_PRODUCT = YES;
			};
			name = Release;
		};
		6B6E67EE1D942FB90013B8C9 /* Debug */ = {
			isa = XCBuildConfiguration;
			buildSettings = {
				ASSETCATALOG_COMPILER_APPICON_NAME = AppIcon;
				INFOPLIST_FILE = Lab03/Info.plist;
				LD_RUNPATH_SEARCH_PATHS = "$(inherited) @executable_path/Frameworks";
				PRODUCT_BUNDLE_IDENTIFIER = Conestoga.Lab03;
				PRODUCT_NAME = "$(TARGET_NAME)";
			};
			name = Debug;
		};
		6B6E67EF1D942FB90013B8C9 /* Release */ = {
			isa = XCBuildConfiguration;
			buildSettings = {
				ASSETCATALOG_COMPILER_APPICON_NAME = AppIcon;
				INFOPLIST_FILE = Lab03/Info.plist;
				LD_RUNPATH_SEARCH_PATHS = "$(inherited) @executable_path/Frameworks";
				PRODUCT_BUNDLE_IDENTIFIER = Conestoga.Lab03;
				PRODUCT_NAME = "$(TARGET_NAME)";
			};
			name = Release;
		};
		6B6E67F11D942FB90013B8C9 /* Debug */ = {
			isa = XCBuildConfiguration;
			buildSettings = {
				BUNDLE_LOADER = "$(TEST_HOST)";
				INFOPLIST_FILE = Lab03Tests/Info.plist;
				LD_RUNPATH_SEARCH_PATHS = "$(inherited) @executable_path/Frameworks @loader_path/Frameworks";
				PRODUCT_BUNDLE_IDENTIFIER = Conestoga.Lab03Tests;
				PRODUCT_NAME = "$(TARGET_NAME)";
				TEST_HOST = "$(BUILT_PRODUCTS_DIR)/Lab03.app/Lab03";
			};
			name = Debug;
		};
		6B6E67F21D942FB90013B8C9 /* Release */ = {
			isa = XCBuildConfiguration;
			buildSettings = {
				BUNDLE_LOADER = "$(TEST_HOST)";
				INFOPLIST_FILE = Lab03Tests/Info.plist;
				LD_RUNPATH_SEARCH_PATHS = "$(inherited) @executable_path/Frameworks @loader_path/Frameworks";
				PRODUCT_BUNDLE_IDENTIFIER = Conestoga.Lab03Tests;
				PRODUCT_NAME = "$(TARGET_NAME)";
				TEST_HOST = "$(BUILT_PRODUCTS_DIR)/Lab03.app/Lab03";
			};
			name = Release;
		};
		6B6E67F41D942FB90013B8C9 /* Debug */ = {
			isa = XCBuildConfiguration;
			buildSettings = {
				INFOPLIST_FILE = Lab03UITests/Info.plist;
				LD_RUNPATH_SEARCH_PATHS = "$(inherited) @executable_path/Frameworks @loader_path/Frameworks";
				PRODUCT_BUNDLE_IDENTIFIER = Conestoga.Lab03UITests;
				PRODUCT_NAME = "$(TARGET_NAME)";
				TEST_TARGET_NAME = Lab03;
			};
			name = Debug;
		};
		6B6E67F51D942FB90013B8C9 /* Release */ = {
			isa = XCBuildConfiguration;
			buildSettings = {
				INFOPLIST_FILE = Lab03UITests/Info.plist;
				LD_RUNPATH_SEARCH_PATHS = "$(inherited) @executable_path/Frameworks @loader_path/Frameworks";
				PRODUCT_BUNDLE_IDENTIFIER = Conestoga.Lab03UITests;
				PRODUCT_NAME = "$(TARGET_NAME)";
				TEST_TARGET_NAME = Lab03;
			};
			name = Release;
		};
/* End XCBuildConfiguration section */

/* Begin XCConfigurationList section */
		6B6E67BB1D942FB90013B8C9 /* Build configuration list for PBXProject "Lab03" */ = {
			isa = XCConfigurationList;
			buildConfigurations = (
				6B6E67EB1D942FB90013B8C9 /* Debug */,
				6B6E67EC1D942FB90013B8C9 /* Release */,
			);
			defaultConfigurationIsVisible = 0;
			defaultConfigurationName = Release;
		};
		6B6E67ED1D942FB90013B8C9 /* Build configuration list for PBXNativeTarget "Lab03" */ = {
			isa = XCConfigurationList;
			buildConfigurations = (
				6B6E67EE1D942FB90013B8C9 /* Debug */,
				6B6E67EF1D942FB90013B8C9 /* Release */,
			);
			defaultConfigurationIsVisible = 0;
			defaultConfigurationName = Release;
		};
		6B6E67F01D942FB90013B8C9 /* Build configuration list for PBXNativeTarget "Lab03Tests" */ = {
			isa = XCConfigurationList;
			buildConfigurations = (
				6B6E67F11D942FB90013B8C9 /* Debug */,
				6B6E67F21D942FB90013B8C9 /* Release */,
			);
			defaultConfigurationIsVisible = 0;
			defaultConfigurationName = Release;
		};
		6B6E67F31D942FB90013B8C9 /* Build configuration list for PBXNativeTarget "Lab03UITests" */ = {
			isa = XCConfigurationList;
			buildConfigurations = (
				6B6E67F41D942FB90013B8C9 /* Debug */,
				6B6E67F51D942FB90013B8C9 /* Release */,
			);
			defaultConfigurationIsVisible = 0;
			defaultConfigurationName = Release;
		};
/* End XCConfigurationList section */
	};
	rootObject = 6B6E67B81D942FB90013B8C9 /* Project object */;
}
